
Microsoft Visual Studio Solution File, Format Version 12.00
# Visual Studio Version 16
VisualStudioVersion = 16.0.31624.102
MinimumVisualStudioVersion = 10.0.40219.1
Project("{FAE04EC0-301F-11D3-BF4B-00C04F79EFBC}") = "Tarea8LogIn", "Tarea8LogIn.csproj", "{31AEA4FA-81C6-4040-8E2B-B6734451DC63}"
EndProject
Global
	GlobalSection(SolutionConfigurationPlatforms) = preSolution
		Debug|Any CPU = Debug|Any CPU
		Release|Any CPU = Release|Any CPU
	EndGlobalSection
	GlobalSection(ProjectConfigurationPlatforms) = postSolution
		{31AEA4FA-81C6-4040-8E2B-B6734451DC63}.Debug|Any CPU.ActiveCfg = Debug|Any CPU
		{31AEA4FA-81C6-4040-8E2B-B6734451DC63}.Debug|Any CPU.Build.0 = Debug|Any CPU
		{31AEA4FA-81C6-4040-8E2B-B6734451DC63}.Release|Any CPU.ActiveCfg = Release|Any CPU
		{31AEA4FA-81C6-4040-8E2B-B6734451DC63}.Release|Any CPU.Build.0 = Release|Any CPU
	EndGlobalSection
	GlobalSection(SolutionProperties) = preSolution
		HideSolutionNode = FALSE
	EndGlobalSection
	GlobalSection(ExtensibilityGlobals) = postSolution
		SolutionGuid = {1B242139-4C79-4C13-89D9-681A70F30300}
	EndGlobalSection
EndGlobal
